<?xml version="1.0" encoding="utf-8"?>
<Project ToolsVersion="4.0" xmlns="http://schemas.microsoft.com/developer/msbuild/2003">
  <ItemGroup>
    <Filter Include="Исходные файлы">
      <UniqueIdentifier>{4FC737F1-C7A5-4376-A066-2A32D752A2FF}</UniqueIdentifier>
      <Extensions>cpp;c;cc;cxx;c++;cppm;ixx;def;odl;idl;hpj;bat;asm;asmx</Extensions>
    </Filter>
    <Filter Include="Файлы заголовков">
      <UniqueIdentifier>{93995380-89BD-4b04-88EB-625FBE52EBFB}</UniqueIdentifier>
      <Extensions>h;hh;hpp;hxx;h++;hm;inl;inc;ipp;xsd</Extensions>
    </Filter>
    <Filter Include="Файлы ресурсов">
      <UniqueIdentifier>{67DA6AB6-F800-4c08-8B7A-83BB121AAD01}</UniqueIdentifier>
      <Extensions>rc;ico;cur;bmp;dlg;rc2;rct;bin;rgs;gif;jpg;jpeg;jpe;resx;tiff;tif;png;wav;mfcribbon-ms</Extensions>
    </Filter>
    <Filter Include="Файлы заголовков\ShapeBehavior">
      <UniqueIdentifier>{94ead5e0-3bf3-44a8-a536-4d5af00ca570}</UniqueIdentifier>
    </Filter>
    <Filter Include="Исходные файлы\ShapeBehavior">
      <UniqueIdentifier>{7117ab00-faaa-49b8-ac0a-6228ecb99dcb}</UniqueIdentifier>
    </Filter>
  </ItemGroup>
  <ItemGroup>
    <ClCompile Include="Common.cpp">
      <Filter>Исходные файлы</Filter>
    </ClCompile>
    <ClCompile Include="Point.cpp">
      <Filter>Исходные файлы</Filter>
    </ClCompile>
    <ClCompile Include="CCanvas.cpp">
      <Filter>Исходные файлы</Filter>
    </ClCompile>
    <ClCompile Include="TriangleBehavior.cpp">
      <Filter>Исходные файлы\ShapeBehavior</Filter>
    </ClCompile>
    <ClCompile Include="CircleBehavior.cpp">
      <Filter>Исходные файлы\ShapeBehavior</Filter>
    </ClCompile>
    <ClCompile Include="RectangleBehavior.cpp">
      <Filter>Исходные файлы\ShapeBehavior</Filter>
    </ClCompile>
    <ClCompile Include="LineBehavior.cpp">
      <Filter>Исходные файлы\ShapeBehavior</Filter>
    </ClCompile>
    <ClCompile Include="TextBehavior.cpp">
      <Filter>Исходные файлы\ShapeBehavior</Filter>
    </ClCompile>
    <ClCompile Include="Shape.cpp">
      <Filter>Исходные файлы</Filter>
    </ClCompile>
    <ClCompile Include="Picture.cpp">
      <Filter>Исходные файлы</Filter>
    </ClCompile>
    <ClCompile Include="CommandHandler.cpp">
      <Filter>Исходные файлы</Filter>
    </ClCompile>
    <ClCompile Include="Main.cpp">
      <Filter>Исходные файлы</Filter>
    </ClCompile>
  </ItemGroup>
  <ItemGroup>
    <ClInclude Include="ICanvas.h">
      <Filter>Файлы заголовков</Filter>
    </ClInclude>
    <ClInclude Include="Point.h">
      <Filter>Файлы заголовков</Filter>
    </ClInclude>
    <ClInclude Include="Common.h">
      <Filter>Файлы заголовков</Filter>
    </ClInclude>
    <ClInclude Include="Color.h">
      <Filter>Файлы заголовков</Filter>
    </ClInclude>
    <ClInclude Include="CCanvas.h">
      <Filter>Файлы заголовков</Filter>
    </ClInclude>
    <ClInclude Include="IShapeBehavior.h">
      <Filter>Файлы заголовков\ShapeBehavior</Filter>
    </ClInclude>
    <ClInclude Include="TriangleBehavior.h">
      <Filter>Файлы заголовков\ShapeBehavior</Filter>
    </ClInclude>
    <ClInclude Include="CircleBehavior.h">
      <Filter>Файлы заголовков\ShapeBehavior</Filter>
    </ClInclude>
    <ClInclude Include="RectangleBehavior.h">
      <Filter>Файлы заголовков\ShapeBehavior</Filter>
    </ClInclude>
    <ClInclude Include="LineBehavior.h">
      <Filter>Файлы заголовков\ShapeBehavior</Filter>
    </ClInclude>
    <ClInclude Include="TextBehavior.h">
      <Filter>Файлы заголовков\ShapeBehavior</Filter>
    </ClInclude>
    <ClInclude Include="Shape.h">
      <Filter>Файлы заголовков</Filter>
    </ClInclude>
    <ClInclude Include="Picture.h">
      <Filter>Файлы заголовков</Filter>
    </ClInclude>
    <ClInclude Include="CommandHandler.h">
      <Filter>Файлы заголовков</Filter>
    </ClInclude>
    <ClInclude Include="ShapeParameters.h">
      <Filter>Файлы заголовков</Filter>
    </ClInclude>
  </ItemGroup>
  <ItemGroup>
    <None Include="shapes.svg">
      <Filter>Исходные файлы</Filter>
    </None>
  </ItemGroup>
</Project>